{
  "nodes": {
    "cglue-bindgen": {
      "flake": false,
      "locked": {
        "lastModified": 1645355609,
        "narHash": "sha256-h86oUZT2A8UDCxA2mRjBTSDHUvKhv+LOUn2OIhuX+1E=",
        "owner": "h33p",
        "repo": "cglue",
        "rev": "e6761fce0b596ef16494194be40316135568cf21",
        "type": "github"
      },
      "original": {
        "owner": "h33p",
        "repo": "cglue",
        "type": "github"
      }
    },
    "cloudflow": {
      "flake": false,
      "locked": {
        "lastModified": 1646737228,
        "narHash": "sha256-A6cWDX91uD9LT6LCadE3JXv2CL0fHCNqqdSCGsqu3FQ=",
        "owner": "memflow",
        "repo": "cloudflow",
        "rev": "1562eca1c19ffcdf229f691868c8cd72ffa7b70b",
        "type": "github"
      },
      "original": {
        "owner": "memflow",
        "repo": "cloudflow",
        "type": "github"
      }
    },
    "flake-utils": {
      "locked": {
        "lastModified": 1644229661,
        "narHash": "sha256-1YdnJAsNy69bpcjuoKdOYQX0YxZBiCYZo4Twxerqv7k=",
        "owner": "numtide",
        "repo": "flake-utils",
        "rev": "3cecb5b042f7f209c56ffd8371b2711a290ec797",
        "type": "github"
      },
      "original": {
        "owner": "numtide",
        "repo": "flake-utils",
        "type": "github"
      }
    },
    "flake-utils_2": {
      "locked": {
        "lastModified": 1644229661,
        "narHash": "sha256-1YdnJAsNy69bpcjuoKdOYQX0YxZBiCYZo4Twxerqv7k=",
        "owner": "numtide",
        "repo": "flake-utils",
        "rev": "3cecb5b042f7f209c56ffd8371b2711a290ec797",
        "type": "github"
      },
      "original": {
        "owner": "numtide",
        "repo": "flake-utils",
        "type": "github"
      }
    },
    "flake-utils_3": {
      "locked": {
        "lastModified": 1637014545,
        "narHash": "sha256-26IZAc5yzlD9FlDT54io1oqG/bBoyka+FJk5guaX4x4=",
        "owner": "numtide",
        "repo": "flake-utils",
        "rev": "bba5dcc8e0b20ab664967ad83d24d64cb64ec4f4",
        "type": "github"
      },
      "original": {
        "owner": "numtide",
        "repo": "flake-utils",
        "type": "github"
      }
    },
    "flake-utils_4": {
      "locked": {
        "lastModified": 1629481132,
        "narHash": "sha256-JHgasjPR0/J1J3DRm4KxM4zTyAj4IOJY8vIl75v/kPI=",
        "owner": "numtide",
        "repo": "flake-utils",
        "rev": "997f7efcb746a9c140ce1f13c72263189225f482",
        "type": "github"
      },
      "original": {
        "owner": "numtide",
        "repo": "flake-utils",
        "type": "github"
      }
    },
    "memflow": {
      "inputs": {
        "cglue-bindgen": "cglue-bindgen",
        "cloudflow": "cloudflow",
        "flake-utils": "flake-utils_2",
        "memflow": "memflow_2",
        "memflow-coredump": "memflow-coredump",
        "memflow-kcore": "memflow-kcore",
        "memflow-kvm": "memflow-kvm",
        "memflow-microvmi": "memflow-microvmi",
        "memflow-native": "memflow-native",
        "memflow-pcileech": "memflow-pcileech",
        "memflow-qemu": "memflow-qemu",
        "memflow-win32": "memflow-win32",
        "nixpkgs": "nixpkgs",
        "reflow": "reflow",
        "rust-overlay": "rust-overlay",
        "scanflow": "scanflow"
      },
      "locked": {
        "lastModified": 1647629275,
        "narHash": "sha256-gdmdQTcQeuVSHv/8swv2Sxv8B417tryy5eDx+leLSmI=",
        "owner": "memflow",
        "repo": "memflow-nixos",
        "rev": "a0097c5bf37d0ad66cbcfc6609c67f2084d75bb5",
        "type": "github"
      },
      "original": {
        "owner": "memflow",
        "repo": "memflow-nixos",
        "type": "github"
      }
    },
    "memflow-coredump": {
      "flake": false,
      "locked": {
        "lastModified": 1647627212,
        "narHash": "sha256-JoWyQh78WawsD+rsL7XugyITrX06tJYWUbMIyY2HJRc=",
        "owner": "memflow",
        "repo": "memflow-coredump",
        "rev": "4ff141c0bd97aec1802e0435c8a04897acc075a7",
        "type": "github"
      },
      "original": {
        "owner": "memflow",
        "repo": "memflow-coredump",
        "type": "github"
      }
    },
    "memflow-kcore": {
      "flake": false,
      "locked": {
        "lastModified": 1647627990,
        "narHash": "sha256-AznWRzmnjmy/2O4IzGUvccG4KsIUvdhVZ39VTv6WtlE=",
        "owner": "memflow",
        "repo": "memflow-kcore",
        "rev": "396022a30049d8e8b395587e2f21e443b5e976f3",
        "type": "github"
      },
      "original": {
        "owner": "memflow",
        "repo": "memflow-kcore",
        "type": "github"
      }
    },
    "memflow-kvm": {
      "flake": false,
      "locked": {
        "lastModified": 1647627080,
        "narHash": "sha256-TGKRZcjRBL9TWaj0SV3Be/zFjucuCz12/aOrxT2UlvA=",
        "ref": "main",
        "rev": "cfb2aa3e34cf927ab4f0ae7ddff0bc011494707a",
        "revCount": 84,
        "submodules": true,
        "type": "git",
        "url": "https://github.com/memflow/memflow-kvm.git"
      },
      "original": {
        "ref": "main",
        "submodules": true,
        "type": "git",
        "url": "https://github.com/memflow/memflow-kvm.git"
      }
    },
    "memflow-microvmi": {
      "flake": false,
      "locked": {
        "lastModified": 1606515465,
        "narHash": "sha256-6UW9oN+PJ0fbGPJcP5UE8QXLReudTFoITtON5ATtT4s=",
        "owner": "memflow",
        "repo": "memflow-microvmi",
        "rev": "11ad6ea4b6095a060cdbf256eb0dbe2a7e6df495",
        "type": "github"
      },
      "original": {
        "owner": "memflow",
        "repo": "memflow-microvmi",
        "type": "github"
      }
    },
    "memflow-native": {
      "flake": false,
      "locked": {
        "lastModified": 1647626733,
        "narHash": "sha256-jGpwq1eeXbcFFHI/kADaC9PX1AEgRa8OZ8Lr6POmiUU=",
        "owner": "memflow",
        "repo": "memflow-native",
        "rev": "8898ee45b81d10f936f560555eff1f73999b9a23",
        "type": "github"
      },
      "original": {
        "owner": "memflow",
        "repo": "memflow-native",
        "type": "github"
      }
    },
    "memflow-pcileech": {
      "flake": false,
      "locked": {
        "lastModified": 1644792795,
        "narHash": "sha256-Y5CJ188eaeJ5z5HzccAOBksdAqFK4T698iDy3H52cdE=",
        "ref": "main",
        "rev": "4e51d1572bc13a906a6345e14437f1eb917579ad",
        "revCount": 89,
        "submodules": true,
        "type": "git",
        "url": "https://github.com/memflow/memflow-pcileech.git"
      },
      "original": {
        "ref": "main",
        "submodules": true,
        "type": "git",
        "url": "https://github.com/memflow/memflow-pcileech.git"
      }
    },
    "memflow-qemu": {
      "flake": false,
      "locked": {
        "lastModified": 1647626879,
        "narHash": "sha256-ywf876FJx1eAduOocZwy3YOU9e6CRU0PsyNVMbMluhc=",
        "owner": "memflow",
        "repo": "memflow-qemu",
        "rev": "84d450279f54585df2a0fa92e5745fc0b7439b1a",
        "type": "github"
      },
      "original": {
        "owner": "memflow",
        "repo": "memflow-qemu",
        "type": "github"
      }
    },
    "memflow-win32": {
      "flake": false,
      "locked": {
        "lastModified": 1647627323,
        "narHash": "sha256-zTbqa02r9G50f8seV2GyVEfoNUrVg+wP7WgAUOq2yi8=",
        "owner": "memflow",
        "repo": "memflow-win32",
        "rev": "c9f0259c581a50c70b91cfdaf2fbe634417ed694",
        "type": "github"
      },
      "original": {
        "owner": "memflow",
        "repo": "memflow-win32",
        "type": "github"
      }
    },
    "memflow_2": {
      "flake": false,
      "locked": {
        "lastModified": 1647628679,
        "narHash": "sha256-drbBOhS6Dy+T3bFF0m4ZIlf9EIxfxwqUYA+dKlMGxec=",
        "owner": "memflow",
        "repo": "memflow",
        "rev": "4edd4e13dc6309165596d481d7c89989b1758b9d",
        "type": "github"
      },
      "original": {
        "owner": "memflow",
        "repo": "memflow",
        "type": "github"
      }
    },
    "nixpkgs": {
      "locked": {
        "lastModified": 1647297614,
        "narHash": "sha256-ulGq3W5XsrBMU/u5k9d4oPy65pQTkunR4HKKtTq0RwY=",
        "owner": "NixOS",
        "repo": "Nixpkgs",
        "rev": "73ad5f9e147c0d2a2061f1d4bd91e05078dc0b58",
        "type": "github"
      },
      "original": {
        "owner": "NixOS",
        "ref": "nixos-unstable",
        "repo": "Nixpkgs",
        "type": "github"
      }
    },
    "nixpkgs_2": {
      "locked": {
        "lastModified": 1637453606,
        "narHash": "sha256-Gy6cwUswft9xqsjWxFYEnx/63/qzaFUwatcbV5GF/GQ=",
        "owner": "NixOS",
        "repo": "nixpkgs",
        "rev": "8afc4e543663ca0a6a4f496262cd05233737e732",
        "type": "github"
      },
      "original": {
        "owner": "NixOS",
        "ref": "nixpkgs-unstable",
        "repo": "nixpkgs",
        "type": "github"
      }
    },
    "nixpkgs_3": {
      "locked": {
        "lastModified": 1647297614,
        "narHash": "sha256-ulGq3W5XsrBMU/u5k9d4oPy65pQTkunR4HKKtTq0RwY=",
        "owner": "nixos",
        "repo": "nixpkgs",
        "rev": "73ad5f9e147c0d2a2061f1d4bd91e05078dc0b58",
        "type": "github"
      },
      "original": {
        "owner": "nixos",
        "ref": "nixos-unstable",
        "repo": "nixpkgs",
        "type": "github"
      }
    },
    "nixpkgs_4": {
      "locked": {
        "lastModified": 1631288242,
        "narHash": "sha256-sXm4KiKs7qSIf5oTAmrlsEvBW193sFj+tKYVirBaXz0=",
        "owner": "NixOS",
        "repo": "nixpkgs",
        "rev": "0e24c87754430cb6ad2f8c8c8021b29834a8845e",
        "type": "github"
      },
      "original": {
        "owner": "NixOS",
        "ref": "nixpkgs-unstable",
        "repo": "nixpkgs",
        "type": "github"
      }
    },
    "reflow": {
      "flake": false,
      "locked": {
        "lastModified": 1646489083,
        "narHash": "sha256-LIH+LKiObfdp77deeialEGUJSQgxf9TTdzDc4QvAk+Q=",
        "owner": "memflow",
        "repo": "reflow",
        "rev": "d741faa74776fc100bc03a358a2e3024fa9898a6",
        "type": "github"
      },
      "original": {
        "owner": "memflow",
        "repo": "reflow",
        "type": "github"
      }
    },
    "root": {
      "inputs": {
        "flake-utils": "flake-utils",
        "memflow": "memflow",
        "nixpkgs": "nixpkgs_3",
        "zig-overlay": "zig-overlay"
      }
    },
    "rust-overlay": {
      "inputs": {
        "flake-utils": "flake-utils_3",
        "nixpkgs": "nixpkgs_2"
      },
      "locked": {
        "lastModified": 1647570584,
        "narHash": "sha256-wQ/xUt2yU+ncx0JQMMQDcFoWLY2xo0Vo5CxIGuxMdmY=",
        "owner": "oxalica",
        "repo": "rust-overlay",
        "rev": "00ac40d23ec331be4fd143b8cd3e9142e3bcbe9b",
        "type": "github"
      },
      "original": {
        "owner": "oxalica",
        "repo": "rust-overlay",
        "type": "github"
      }
    },
    "scanflow": {
      "flake": false,
      "locked": {
        "lastModified": 1646441197,
        "narHash": "sha256-14AeuHYWejLyJMDy++CaNtAEfPhw0QUycLrArHdDOX0=",
        "owner": "memflow",
        "repo": "scanflow",
        "rev": "d82e220c2454b5dfc3022837f6243e603a25e0fe",
        "type": "github"
      },
      "original": {
        "owner": "memflow",
        "repo": "scanflow",
        "type": "github"
      }
    },
    "zig-overlay": {
      "inputs": {
        "flake-utils": "flake-utils_4",
        "nixpkgs": "nixpkgs_4"
      },
      "locked": {
        "lastModified": 1647563741,
        "narHash": "sha256-wz55EkKPxwhWp9sLIUrpj7fxI6gZhZP+dZkS8z79B74=",
        "owner": "arqv",
        "repo": "zig-overlay",
        "rev": "aba94d5f8d3c0a6e053ecfe73e3dc7fc14d34f70",
        "type": "github"
      },
      "original": {
        "owner": "arqv",
        "repo": "zig-overlay",
        "type": "github"
      }
    }
  },
  "root": "root",
  "version": 7
}
