{
  "nodes": {
    "cglue-bindgen": {
      "flake": false,
      "locked": {
        "lastModified": 1647799225,
        "narHash": "sha256-DprIuK75ldeU1JHOi25GFXV167OmAoGDaJ1JPxZR9ig=",
        "owner": "h33p",
        "repo": "cglue",
        "rev": "4a942c55a6dd215045132b51d63b47b32560b0cc",
        "type": "github"
      },
      "original": {
        "owner": "h33p",
        "repo": "cglue",
        "type": "github"
      }
    },
    "cloudflow": {
      "flake": false,
      "locked": {
        "lastModified": 1648326990,
        "narHash": "sha256-rA49kK4fr4rnlmWpY144Nq7V+lBfrHLQdjAS6kJ9ReA=",
        "owner": "memflow",
        "repo": "cloudflow",
        "rev": "7f32b7ae4eecef83d5d967f589b507e5b3db79ba",
        "type": "github"
      },
      "original": {
        "owner": "memflow",
        "repo": "cloudflow",
        "type": "github"
      }
    },
    "flake-utils": {
      "locked": {
        "lastModified": 1648297722,
        "narHash": "sha256-W+qlPsiZd8F3XkzXOzAoR+mpFqzm3ekQkJNa+PIh1BQ=",
        "owner": "numtide",
        "repo": "flake-utils",
        "rev": "0f8662f1319ad6abf89b3380dd2722369fc51ade",
        "type": "github"
      },
      "original": {
        "owner": "numtide",
        "repo": "flake-utils",
        "type": "github"
      }
    },
    "flake-utils_2": {
      "locked": {
        "lastModified": 1648297722,
        "narHash": "sha256-W+qlPsiZd8F3XkzXOzAoR+mpFqzm3ekQkJNa+PIh1BQ=",
        "owner": "numtide",
        "repo": "flake-utils",
        "rev": "0f8662f1319ad6abf89b3380dd2722369fc51ade",
        "type": "github"
      },
      "original": {
        "owner": "numtide",
        "repo": "flake-utils",
        "type": "github"
      }
    },
    "flake-utils_3": {
      "locked": {
        "lastModified": 1637014545,
        "narHash": "sha256-26IZAc5yzlD9FlDT54io1oqG/bBoyka+FJk5guaX4x4=",
        "owner": "numtide",
        "repo": "flake-utils",
        "rev": "bba5dcc8e0b20ab664967ad83d24d64cb64ec4f4",
        "type": "github"
      },
      "original": {
        "owner": "numtide",
        "repo": "flake-utils",
        "type": "github"
      }
    },
    "flake-utils_4": {
      "locked": {
        "lastModified": 1629481132,
        "narHash": "sha256-JHgasjPR0/J1J3DRm4KxM4zTyAj4IOJY8vIl75v/kPI=",
        "owner": "numtide",
        "repo": "flake-utils",
        "rev": "997f7efcb746a9c140ce1f13c72263189225f482",
        "type": "github"
      },
      "original": {
        "owner": "numtide",
        "repo": "flake-utils",
        "type": "github"
      }
    },
    "memflow": {
      "inputs": {
        "cglue-bindgen": "cglue-bindgen",
        "cloudflow": "cloudflow",
        "flake-utils": "flake-utils_2",
        "memflow": "memflow_2",
        "memflow-coredump": "memflow-coredump",
        "memflow-kcore": "memflow-kcore",
        "memflow-kvm": "memflow-kvm",
        "memflow-microvmi": "memflow-microvmi",
        "memflow-native": "memflow-native",
        "memflow-pcileech": "memflow-pcileech",
        "memflow-qemu": "memflow-qemu",
        "memflow-win32": "memflow-win32",
        "nixpkgs": "nixpkgs",
        "reflow": "reflow",
        "rust-overlay": "rust-overlay",
        "scanflow": "scanflow"
      },
      "locked": {
        "lastModified": 1648332559,
        "narHash": "sha256-RbAfZesQZ/lflrkg+nzUbgH60Y8j5O9fhqUrdfb2cQY=",
        "owner": "memflow",
        "repo": "memflow-nixos",
        "rev": "389670b33118708fc6fb082778351b3e98385414",
        "type": "github"
      },
      "original": {
        "owner": "memflow",
        "repo": "memflow-nixos",
        "type": "github"
      }
    },
    "memflow-coredump": {
      "flake": false,
      "locked": {
        "lastModified": 1647802933,
        "narHash": "sha256-ta4P5eovDsiSQ301LtVrI14bkN47UmeyunCBijCOV54=",
        "owner": "memflow",
        "repo": "memflow-coredump",
        "rev": "e52988d112c3bed3e450f83451fa700b60388673",
        "type": "github"
      },
      "original": {
        "owner": "memflow",
        "repo": "memflow-coredump",
        "type": "github"
      }
    },
    "memflow-kcore": {
      "flake": false,
      "locked": {
        "lastModified": 1647803123,
        "narHash": "sha256-gwRCXjZm7EUJtdLnzB3wYeZFNqdaX6SUY9fdPES9Zo0=",
        "owner": "memflow",
        "repo": "memflow-kcore",
        "rev": "15fe4dcb2b70affe5a6d24f538cbd4d8beb6299b",
        "type": "github"
      },
      "original": {
        "owner": "memflow",
        "repo": "memflow-kcore",
        "type": "github"
      }
    },
    "memflow-kvm": {
      "flake": false,
      "locked": {
        "lastModified": 1647802996,
        "narHash": "sha256-WHkNW2L7fBx0jmjHGv3H/1qXbzKHCNiFkejE0xCAx+s=",
        "ref": "main",
        "rev": "98439ba6e6e1e6ffd5cd2074bea92496ebf01835",
        "revCount": 85,
        "submodules": true,
        "type": "git",
        "url": "https://github.com/memflow/memflow-kvm.git"
      },
      "original": {
        "ref": "main",
        "submodules": true,
        "type": "git",
        "url": "https://github.com/memflow/memflow-kvm.git"
      }
    },
    "memflow-microvmi": {
      "flake": false,
      "locked": {
        "lastModified": 1606515465,
        "narHash": "sha256-6UW9oN+PJ0fbGPJcP5UE8QXLReudTFoITtON5ATtT4s=",
        "owner": "memflow",
        "repo": "memflow-microvmi",
        "rev": "11ad6ea4b6095a060cdbf256eb0dbe2a7e6df495",
        "type": "github"
      },
      "original": {
        "owner": "memflow",
        "repo": "memflow-microvmi",
        "type": "github"
      }
    },
    "memflow-native": {
      "flake": false,
      "locked": {
        "lastModified": 1647802846,
        "narHash": "sha256-9VTvU3107o7fbY6g+fQFtYauS4Y3QpzH3B6yGYW6Qo4=",
        "owner": "memflow",
        "repo": "memflow-native",
        "rev": "a9410c0873fff96e824a901116cd344817a5b82e",
        "type": "github"
      },
      "original": {
        "owner": "memflow",
        "repo": "memflow-native",
        "type": "github"
      }
    },
    "memflow-pcileech": {
      "flake": false,
      "locked": {
        "lastModified": 1647804687,
        "narHash": "sha256-dvJLl4O5VWDzYX+P1dEGs20Qv0BqDQdtb4wFqtq2BMI=",
        "ref": "main",
        "rev": "9e35ddf1354f87d598e80aa92a4c1f91e4ebe28a",
        "revCount": 97,
        "submodules": true,
        "type": "git",
        "url": "https://github.com/memflow/memflow-pcileech.git"
      },
      "original": {
        "ref": "main",
        "submodules": true,
        "type": "git",
        "url": "https://github.com/memflow/memflow-pcileech.git"
      }
    },
    "memflow-qemu": {
      "flake": false,
      "locked": {
        "lastModified": 1647802968,
        "narHash": "sha256-JqUchK6ym1equaB8cnme2mM3xEdklIFcJXz2t4qqMiU=",
        "owner": "memflow",
        "repo": "memflow-qemu",
        "rev": "a81c4a1168663b3c2bbfc3ff7fc788a1421585ce",
        "type": "github"
      },
      "original": {
        "owner": "memflow",
        "repo": "memflow-qemu",
        "type": "github"
      }
    },
    "memflow-win32": {
      "flake": false,
      "locked": {
        "lastModified": 1648293668,
        "narHash": "sha256-N9Uu0po0wybPWuE4EOORQIOs0UUwJriTFE1kD16jJ4s=",
        "owner": "memflow",
        "repo": "memflow-win32",
        "rev": "683f19c62a0e112766922634b28e5b8f91838b50",
        "type": "github"
      },
      "original": {
        "owner": "memflow",
        "repo": "memflow-win32",
        "type": "github"
      }
    },
    "memflow_2": {
      "flake": false,
      "locked": {
        "lastModified": 1648294592,
        "narHash": "sha256-rCTg0/945qGfqkgiMhBdgTTraM2GX+i3SSSQqgwff3A=",
        "owner": "memflow",
        "repo": "memflow",
        "rev": "db068696b2551d384b7ea9f1a22671b7c6c805a5",
        "type": "github"
      },
      "original": {
        "owner": "memflow",
        "repo": "memflow",
        "type": "github"
      }
    },
    "nixpkgs": {
      "locked": {
        "lastModified": 1648069223,
        "narHash": "sha256-BXzQV8p/RR440EB9qY0ULYfTH0zSW1stjUCYeP4SF+E=",
        "owner": "NixOS",
        "repo": "Nixpkgs",
        "rev": "1d08ea2bd83abef174fb43cbfb8a856b8ef2ce26",
        "type": "github"
      },
      "original": {
        "owner": "NixOS",
        "ref": "nixos-unstable",
        "repo": "Nixpkgs",
        "type": "github"
      }
    },
    "nixpkgs_2": {
      "locked": {
        "lastModified": 1637453606,
        "narHash": "sha256-Gy6cwUswft9xqsjWxFYEnx/63/qzaFUwatcbV5GF/GQ=",
        "owner": "NixOS",
        "repo": "nixpkgs",
        "rev": "8afc4e543663ca0a6a4f496262cd05233737e732",
        "type": "github"
      },
      "original": {
        "owner": "NixOS",
        "ref": "nixpkgs-unstable",
        "repo": "nixpkgs",
        "type": "github"
      }
    },
    "nixpkgs_3": {
      "locked": {
        "lastModified": 1648069223,
        "narHash": "sha256-BXzQV8p/RR440EB9qY0ULYfTH0zSW1stjUCYeP4SF+E=",
        "owner": "nixos",
        "repo": "nixpkgs",
        "rev": "1d08ea2bd83abef174fb43cbfb8a856b8ef2ce26",
        "type": "github"
      },
      "original": {
        "owner": "nixos",
        "ref": "nixos-unstable",
        "repo": "nixpkgs",
        "type": "github"
      }
    },
    "nixpkgs_4": {
      "locked": {
        "lastModified": 1631288242,
        "narHash": "sha256-sXm4KiKs7qSIf5oTAmrlsEvBW193sFj+tKYVirBaXz0=",
        "owner": "NixOS",
        "repo": "nixpkgs",
        "rev": "0e24c87754430cb6ad2f8c8c8021b29834a8845e",
        "type": "github"
      },
      "original": {
        "owner": "NixOS",
        "ref": "nixpkgs-unstable",
        "repo": "nixpkgs",
        "type": "github"
      }
    },
    "reflow": {
      "flake": false,
      "locked": {
        "lastModified": 1646489083,
        "narHash": "sha256-LIH+LKiObfdp77deeialEGUJSQgxf9TTdzDc4QvAk+Q=",
        "owner": "memflow",
        "repo": "reflow",
        "rev": "d741faa74776fc100bc03a358a2e3024fa9898a6",
        "type": "github"
      },
      "original": {
        "owner": "memflow",
        "repo": "reflow",
        "type": "github"
      }
    },
    "root": {
      "inputs": {
        "flake-utils": "flake-utils",
        "memflow": "memflow",
        "nixpkgs": "nixpkgs_3",
        "zig-args": "zig-args",
        "zig-clap": "zig-clap",
        "zig-overlay": "zig-overlay",
        "zig-win32": "zig-win32"
      }
    },
    "rust-overlay": {
      "inputs": {
        "flake-utils": "flake-utils_3",
        "nixpkgs": "nixpkgs_2"
      },
      "locked": {
        "lastModified": 1648261903,
        "narHash": "sha256-AyOSR8qnnh5o5oSf0G2Gqvj9dewKK06OU4Unw3Dxruo=",
        "owner": "oxalica",
        "repo": "rust-overlay",
        "rev": "007b22cd37d1e847ce5f042754f95c09f4be93a3",
        "type": "github"
      },
      "original": {
        "owner": "oxalica",
        "repo": "rust-overlay",
        "type": "github"
      }
    },
    "scanflow": {
      "flake": false,
      "locked": {
        "lastModified": 1647989733,
        "narHash": "sha256-/MfW4rV/Xm+Av2s63gDhVb4EJuhqV2/FZ3Il5lUsdLs=",
        "owner": "memflow",
        "repo": "scanflow",
        "rev": "2635eda7275887fac612e67440fc077051b3d018",
        "type": "github"
      },
      "original": {
        "owner": "memflow",
        "repo": "scanflow",
        "type": "github"
      }
    },
    "zig-args": {
      "flake": false,
      "locked": {
        "lastModified": 1647017273,
        "narHash": "sha256-nxEF5DvXfa9RB9s0euPam7YIyAJy+Jkkrfz897Pl59s=",
        "owner": "MasterQ32",
        "repo": "zig-args",
        "rev": "1ff417ac1f31f8dbee3a31e5973b46286d42e71d",
        "type": "github"
      },
      "original": {
        "owner": "MasterQ32",
        "repo": "zig-args",
        "rev": "1ff417ac1f31f8dbee3a31e5973b46286d42e71d",
        "type": "github"
      }
    },
    "zig-clap": {
      "flake": false,
      "locked": {
        "lastModified": 1648116501,
        "narHash": "sha256-KyRBsE9F2QB1ZmenHOpgro1a+B9m6Rtzmj0Q5z+niW0=",
        "owner": "Hejsil",
        "repo": "zig-clap",
        "rev": "0970eb827fe53ad7a6c6744019707190d7b9bb32",
        "type": "github"
      },
      "original": {
        "owner": "Hejsil",
        "repo": "zig-clap",
        "rev": "0970eb827fe53ad7a6c6744019707190d7b9bb32",
        "type": "github"
      }
    },
    "zig-overlay": {
      "inputs": {
        "flake-utils": "flake-utils_4",
        "nixpkgs": "nixpkgs_4"
      },
      "locked": {
        "lastModified": 1648341617,
        "narHash": "sha256-j4HXFD1eKxCFfMbBYhNnLmXZ7q6cahVqH/Hlq43v8RM=",
        "owner": "arqv",
        "repo": "zig-overlay",
        "rev": "8d79efd701963ac3c9a55755de44e6fd4a6c8d76",
        "type": "github"
      },
      "original": {
        "owner": "arqv",
        "repo": "zig-overlay",
        "type": "github"
      }
    },
    "zig-win32": {
      "flake": false,
      "locked": {
        "lastModified": 1643012832,
        "narHash": "sha256-KSNpWOwCC1j4wOnvf0vyDsvbNStDtJLSSRr5SCxg0A0=",
        "owner": "marlersoft",
        "repo": "zigwin32",
        "rev": "032a1b51b83b8fe64e0a97d7fe5da802065244c6",
        "type": "github"
      },
      "original": {
        "owner": "marlersoft",
        "repo": "zigwin32",
        "rev": "032a1b51b83b8fe64e0a97d7fe5da802065244c6",
        "type": "github"
      }
    }
  },
  "root": "root",
  "version": 7
}
